github.com/brianvoe/gofakeit/v7 v7.12.0 h1:5gHj4XiZUOBF5dIzFxz5mqlaUjahYk09RtT+51iQkuA=
github.com/brianvoe/gofakeit/v7 v7.12.0/go.mod h1:OllskdkFOHg1ECRPXRV7OKSLcabgRY0YuzstuBoEFFk=
github.com/google/uuid v1.6.0 h1:NIvaJDMOsjHA8n1jAhLSgzrAzy1Hgr+hNrb57e+94F0=
github.com/google/uuid v1.6.0/go.mod h1:TIyPZe4MgqvfeYDBFedMoGGpEw/LqOeaOT+nhxU+yHo=
github.com/lucasjones/reggen v0.0.0-20200904144131-37ba4fa293bb h1:w1g9wNDIE/pHSTmAaUhv4TZQuPBS6GV3mMz5hkgziIU=
github.com/lucasjones/reggen v0.0.0-20200904144131-37ba4fa293bb/go.mod h1:5ELEyG+X8f+meRWHuqUOewBOhvHkl7M76pdGEansxW4=
